// !$*UTF8*$!
{
	archiveVersion = 1;
	classes = {
	};
	objectVersion = 77;
	objects = {

/* Begin PBXBuildFile section */
		A10000000000000000000040 /* SecureVault.swift in Sources */ = {isa = PBXBuildFile; fileRef = A10000000000000000000020 /* SecureVault.swift */; };
		A10000000000000000000041 /* SecureEnclaveManager.swift in Sources */ = {isa = PBXBuildFile; fileRef = A10000000000000000000021 /* SecureEnclaveManager.swift */; };
		A10000000000000000000042 /* Utilities.swift in Sources */ = {isa = PBXBuildFile; fileRef = A10000000000000000000022 /* Utilities.swift */; };
		A10000000000000000000043 /* DecryptCommand.swift in Sources */ = {isa = PBXBuildFile; fileRef = A10000000000000000000023 /* DecryptCommand.swift */; };
		A10000000000000000000044 /* DeleteCommand.swift in Sources */ = {isa = PBXBuildFile; fileRef = A10000000000000000000024 /* DeleteCommand.swift */; };
		A10000000000000000000045 /* EncryptCommand.swift in Sources */ = {isa = PBXBuildFile; fileRef = A10000000000000000000025 /* EncryptCommand.swift */; };
		A10000000000000000000046 /* KeygenCommand.swift in Sources */ = {isa = PBXBuildFile; fileRef = A10000000000000000000026 /* KeygenCommand.swift */; };
		A10000000000000000000047 /* ListCommand.swift in Sources */ = {isa = PBXBuildFile; fileRef = A10000000000000000000027 /* ListCommand.swift */; };
		A10000000000000000000048 /* ArgumentParser in Frameworks */ = {isa = PBXBuildFile; productRef = A10000000000000000000071 /* ArgumentParser */; };
/* End PBXBuildFile section */

/* Begin PBXFileReference section */
		A10000000000000000000010 /* Package.swift */ = {isa = PBXFileReference; lastKnownFileType = sourcecode.swift; path = Package.swift; sourceTree = "<group>"; };
		A10000000000000000000011 /* README.md */ = {isa = PBXFileReference; lastKnownFileType = net.daringfireball.markdown; path = README.md; sourceTree = "<group>"; };
		A10000000000000000000012 /* Makefile */ = {isa = PBXFileReference; lastKnownFileType = sourcecode.make; path = Makefile; sourceTree = "<group>"; };
		A10000000000000000000013 /* SecureVault.entitlements */ = {isa = PBXFileReference; lastKnownFileType = text.plist.entitlements; path = SecureVault.entitlements; sourceTree = "<group>"; };
		A10000000000000000000014 /* SecureVault.xcconfig */ = {isa = PBXFileReference; lastKnownFileType = text.xcconfig; path = SecureVault.xcconfig; sourceTree = "<group>"; };
		A10000000000000000000020 /* SecureVault.swift */ = {isa = PBXFileReference; lastKnownFileType = sourcecode.swift; path = SecureVault.swift; sourceTree = "<group>"; };
		A10000000000000000000021 /* SecureEnclaveManager.swift */ = {isa = PBXFileReference; lastKnownFileType = sourcecode.swift; path = SecureEnclaveManager.swift; sourceTree = "<group>"; };
		A10000000000000000000022 /* Utilities.swift */ = {isa = PBXFileReference; lastKnownFileType = sourcecode.swift; path = Utilities.swift; sourceTree = "<group>"; };
		A10000000000000000000023 /* DecryptCommand.swift */ = {isa = PBXFileReference; lastKnownFileType = sourcecode.swift; path = DecryptCommand.swift; sourceTree = "<group>"; };
		A10000000000000000000024 /* DeleteCommand.swift */ = {isa = PBXFileReference; lastKnownFileType = sourcecode.swift; path = DeleteCommand.swift; sourceTree = "<group>"; };
		A10000000000000000000025 /* EncryptCommand.swift */ = {isa = PBXFileReference; lastKnownFileType = sourcecode.swift; path = EncryptCommand.swift; sourceTree = "<group>"; };
		A10000000000000000000026 /* KeygenCommand.swift */ = {isa = PBXFileReference; lastKnownFileType = sourcecode.swift; path = KeygenCommand.swift; sourceTree = "<group>"; };
		A10000000000000000000027 /* ListCommand.swift */ = {isa = PBXFileReference; lastKnownFileType = sourcecode.swift; path = ListCommand.swift; sourceTree = "<group>"; };
		A10000000000000000000030 /* SecureVault.app */ = {isa = PBXFileReference; explicitFileType = wrapper.application; includeInIndex = 0; path = SecureVault.app; sourceTree = BUILT_PRODUCTS_DIR; };
/* End PBXFileReference section */

/* Begin PBXFrameworksBuildPhase section */
		A10000000000000000000051 /* Frameworks */ = {
			isa = PBXFrameworksBuildPhase;
			buildActionMask = 2147483647;
			files = (
				A10000000000000000000048 /* ArgumentParser in Frameworks */,
			);
			runOnlyForDeploymentPostprocessing = 0;
		};
/* End PBXFrameworksBuildPhase section */

/* Begin PBXGroup section */
		A10000000000000000000002 = {
			isa = PBXGroup;
			children = (
				A10000000000000000000010 /* Package.swift */,
				A10000000000000000000011 /* README.md */,
				A10000000000000000000012 /* Makefile */,
				A10000000000000000000013 /* SecureVault.entitlements */,
				A10000000000000000000014 /* SecureVault.xcconfig */,
				A10000000000000000000004 /* Sources */,
				A10000000000000000000003 /* Products */,
			);
			sourceTree = "<group>";
		};
		A10000000000000000000003 /* Products */ = {
			isa = PBXGroup;
			children = (
				A10000000000000000000030 /* SecureVault.app */,
			);
			name = Products;
			sourceTree = "<group>";
		};
		A10000000000000000000004 /* Sources */ = {
			isa = PBXGroup;
			children = (
				A10000000000000000000020 /* SecureVault.swift */,
				A10000000000000000000021 /* SecureEnclaveManager.swift */,
				A10000000000000000000022 /* Utilities.swift */,
				A10000000000000000000005 /* Commands */,
			);
			name = Sources;
			path = "Sources/secure-vault";
			sourceTree = "<group>";
		};
		A10000000000000000000005 /* Commands */ = {
			isa = PBXGroup;
			children = (
				A10000000000000000000023 /* DecryptCommand.swift */,
				A10000000000000000000024 /* DeleteCommand.swift */,
				A10000000000000000000025 /* EncryptCommand.swift */,
				A10000000000000000000026 /* KeygenCommand.swift */,
				A10000000000000000000027 /* ListCommand.swift */,
			);
			path = Commands;
			sourceTree = "<group>";
		};
/* End PBXGroup section */

/* Begin PBXNativeTarget section */
		A10000000000000000000060 /* secure-vault */ = {
			isa = PBXNativeTarget;
			buildConfigurationList = A10000000000000000000085 /* Build configuration list for PBXNativeTarget "secure-vault" */;
			buildPhases = (
				A10000000000000000000050 /* Sources */,
				A10000000000000000000051 /* Frameworks */,
			);
			buildRules = (
			);
			dependencies = (
			);
			name = "secure-vault";
			packageProductDependencies = (
				A10000000000000000000071 /* ArgumentParser */,
			);
			productName = SecureVault;
			productReference = A10000000000000000000030 /* SecureVault.app */;
			productType = "com.apple.product-type.application";
		};
/* End PBXNativeTarget section */

/* Begin PBXProject section */
		A10000000000000000000001 /* Project object */ = {
			isa = PBXProject;
			attributes = {
				BuildIndependentTargetsInParallel = 1;
				LastSwiftUpdateCheck = 2640;
				LastUpgradeCheck = 2640;
				TargetAttributes = {
					A10000000000000000000060 = {
						CreatedOnToolsVersion = 26.4;
						ProvisioningStyle = Automatic;
					};
				};
			};
			buildConfigurationList = A10000000000000000000082 /* Build configuration list for PBXProject "secure-vault" */;
			developmentRegion = en;
			hasScannedForEncodings = 0;
			knownRegions = (
				en,
				Base,
			);
			mainGroup = A10000000000000000000002;
			minimizedProjectReferenceProxies = 1;
			packageReferences = (
				A10000000000000000000070 /* XCRemoteSwiftPackageReference "swift-argument-parser" */,
			);
			preferredProjectObjectVersion = 77;
			productRefGroup = A10000000000000000000003 /* Products */;
			projectDirPath = "";
			projectRoot = "";
			targets = (
				A10000000000000000000060 /* secure-vault */,
			);
		};
/* End PBXProject section */

/* Begin PBXSourcesBuildPhase section */
		A10000000000000000000050 /* Sources */ = {
			isa = PBXSourcesBuildPhase;
			buildActionMask = 2147483647;
			files = (
				A10000000000000000000040 /* SecureVault.swift in Sources */,
				A10000000000000000000041 /* SecureEnclaveManager.swift in Sources */,
				A10000000000000000000042 /* Utilities.swift in Sources */,
				A10000000000000000000043 /* DecryptCommand.swift in Sources */,
				A10000000000000000000044 /* DeleteCommand.swift in Sources */,
				A10000000000000000000045 /* EncryptCommand.swift in Sources */,
				A10000000000000000000046 /* KeygenCommand.swift in Sources */,
				A10000000000000000000047 /* ListCommand.swift in Sources */,
			);
			runOnlyForDeploymentPostprocessing = 0;
		};
/* End PBXSourcesBuildPhase section */

/* Begin XCBuildConfiguration section */
		A10000000000000000000080 /* Debug */ = {
			isa = XCBuildConfiguration;
			buildSettings = {
				ALWAYS_SEARCH_USER_PATHS = NO;
				CLANG_ANALYZER_NONNULL = YES;
				CLANG_ANALYZER_NUMBER_OBJECT_CONVERSION = YES_AGGRESSIVE;
				CLANG_CXX_LANGUAGE_STANDARD = "gnu++20";
				CLANG_ENABLE_MODULES = YES;
				CLANG_ENABLE_OBJC_ARC = YES;
				CLANG_ENABLE_OBJC_WEAK = YES;
				CLANG_WARN_BLOCK_CAPTURE_AUTORELEASING = YES;
				CLANG_WARN_BOOL_CONVERSION = YES;
				CLANG_WARN_COMMA = YES;
				CLANG_WARN_CONSTANT_CONVERSION = YES;
				CLANG_WARN_DEPRECATED_OBJC_IMPLEMENTATIONS = YES;
				CLANG_WARN_DIRECT_OBJC_ISA_USAGE = YES_ERROR;
				CLANG_WARN_DOCUMENTATION_COMMENTS = YES;
				CLANG_WARN_EMPTY_BODY = YES;
				CLANG_WARN_ENUM_CONVERSION = YES;
				CLANG_WARN_INFINITE_RECURSION = YES;
				CLANG_WARN_INT_CONVERSION = YES;
				CLANG_WARN_NON_LITERAL_NULL_CONVERSION = YES;
				CLANG_WARN_OBJC_IMPLICIT_RETAIN_SELF = YES;
				CLANG_WARN_OBJC_LITERAL_CONVERSION = YES;
				CLANG_WARN_OBJC_ROOT_CLASS = YES_ERROR;
				CLANG_WARN_QUOTED_INCLUDE_IN_FRAMEWORK_HEADER = YES;
				CLANG_WARN_RANGE_LOOP_ANALYSIS = YES;
				CLANG_WARN_STRICT_PROTOTYPES = YES;
				CLANG_WARN_SUSPICIOUS_MOVE = YES;
				CLANG_WARN_UNGUARDED_AVAILABILITY = YES_AGGRESSIVE;
				CLANG_WARN_UNREACHABLE_CODE = YES;
				CLANG_WARN__DUPLICATE_METHOD_MATCH = YES;
				COPY_PHASE_STRIP = NO;
				DEBUG_INFORMATION_FORMAT = dwarf;
				ENABLE_STRICT_OBJC_MSGSEND = YES;
				ENABLE_TESTABILITY = YES;
				ENABLE_USER_SCRIPT_SANDBOXING = YES;
				GCC_C_LANGUAGE_STANDARD = gnu17;
				GCC_DYNAMIC_NO_PIC = NO;
				GCC_NO_COMMON_BLOCKS = YES;
				GCC_OPTIMIZATION_LEVEL = 0;
				GCC_PREPROCESSOR_DEFINITIONS = (
					"DEBUG=1",
					"$(inherited)",
				);
				GCC_WARN_64_TO_32_BIT_CONVERSION = YES;
				GCC_WARN_ABOUT_RETURN_TYPE = YES_ERROR;
				GCC_WARN_UNDECLARED_SELECTOR = YES;
				GCC_WARN_UNINITIALIZED_AUTOS = YES_AGGRESSIVE;
				GCC_WARN_UNUSED_FUNCTION = YES;
				GCC_WARN_UNUSED_VARIABLE = YES;
				MACOSX_DEPLOYMENT_TARGET = 13.0;
				MTL_ENABLE_DEBUG_INFO = INCLUDE_SOURCE;
				MTL_FAST_MATH = YES;
				ONLY_ACTIVE_ARCH = YES;
				SDKROOT = macosx;
				SWIFT_ACTIVE_COMPILATION_CONDITIONS = "DEBUG $(inherited)";
				SWIFT_EMIT_LOC_STRINGS = YES;
				SWIFT_OPTIMIZATION_LEVEL = "-Onone";
			};
			name = Debug;
		};
		A10000000000000000000081 /* Release */ = {
			isa = XCBuildConfiguration;
			buildSettings = {
				ALWAYS_SEARCH_USER_PATHS = NO;
				CLANG_ANALYZER_NONNULL = YES;
				CLANG_ANALYZER_NUMBER_OBJECT_CONVERSION = YES_AGGRESSIVE;
				CLANG_CXX_LANGUAGE_STANDARD = "gnu++20";
				CLANG_ENABLE_MODULES = YES;
				CLANG_ENABLE_OBJC_ARC = YES;
				CLANG_ENABLE_OBJC_WEAK = YES;
				CLANG_WARN_BLOCK_CAPTURE_AUTORELEASING = YES;
				CLANG_WARN_BOOL_CONVERSION = YES;
				CLANG_WARN_COMMA = YES;
				CLANG_WARN_CONSTANT_CONVERSION = YES;
				CLANG_WARN_DEPRECATED_OBJC_IMPLEMENTATIONS = YES;
				CLANG_WARN_DIRECT_OBJC_ISA_USAGE = YES_ERROR;
				CLANG_WARN_DOCUMENTATION_COMMENTS = YES;
				CLANG_WARN_EMPTY_BODY = YES;
				CLANG_WARN_ENUM_CONVERSION = YES;
				CLANG_WARN_INFINITE_RECURSION = YES;
				CLANG_WARN_INT_CONVERSION = YES;
				CLANG_WARN_NON_LITERAL_NULL_CONVERSION = YES;
				CLANG_WARN_OBJC_IMPLICIT_RETAIN_SELF = YES;
				CLANG_WARN_OBJC_LITERAL_CONVERSION = YES;
				CLANG_WARN_OBJC_ROOT_CLASS = YES_ERROR;
				CLANG_WARN_QUOTED_INCLUDE_IN_FRAMEWORK_HEADER = YES;
				CLANG_WARN_RANGE_LOOP_ANALYSIS = YES;
				CLANG_WARN_STRICT_PROTOTYPES = YES;
				CLANG_WARN_SUSPICIOUS_MOVE = YES;
				CLANG_WARN_UNGUARDED_AVAILABILITY = YES_AGGRESSIVE;
				CLANG_WARN_UNREACHABLE_CODE = YES;
				CLANG_WARN__DUPLICATE_METHOD_MATCH = YES;
				COPY_PHASE_STRIP = NO;
				DEBUG_INFORMATION_FORMAT = "dwarf-with-dsym";
				ENABLE_NS_ASSERTIONS = NO;
				ENABLE_STRICT_OBJC_MSGSEND = YES;
				ENABLE_USER_SCRIPT_SANDBOXING = YES;
				GCC_C_LANGUAGE_STANDARD = gnu17;
				GCC_NO_COMMON_BLOCKS = YES;
				GCC_WARN_64_TO_32_BIT_CONVERSION = YES;
				GCC_WARN_ABOUT_RETURN_TYPE = YES_ERROR;
				GCC_WARN_UNDECLARED_SELECTOR = YES;
				GCC_WARN_UNINITIALIZED_AUTOS = YES_AGGRESSIVE;
				GCC_WARN_UNUSED_FUNCTION = YES;
				GCC_WARN_UNUSED_VARIABLE = YES;
				MACOSX_DEPLOYMENT_TARGET = 13.0;
				MTL_ENABLE_DEBUG_INFO = NO;
				MTL_FAST_MATH = YES;
				ONLY_ACTIVE_ARCH = YES;
				SDKROOT = macosx;
				SWIFT_COMPILATION_MODE = wholemodule;
				SWIFT_EMIT_LOC_STRINGS = YES;
			};
			name = Release;
		};
		A10000000000000000000083 /* Debug */ = {
			isa = XCBuildConfiguration;
			baseConfigurationReference = A10000000000000000000014 /* SecureVault.xcconfig */;
				buildSettings = {
					CODE_SIGN_IDENTITY = "Apple Development";
					EXECUTABLE_NAME = "secure-vault";
					GENERATE_INFOPLIST_FILE = YES;
				INFOPLIST_KEY_CFBundleDisplayName = "secure-vault";
				INFOPLIST_KEY_LSApplicationCategoryType = "public.app-category.utilities";
				INFOPLIST_KEY_LSUIElement = YES;
				LD_RUNPATH_SEARCH_PATHS = (
					"$(inherited)",
					"@executable_path/../Frameworks",
				);
				PRODUCT_BUNDLE_IDENTIFIER = io.securevault;
				PRODUCT_NAME = SecureVault;
				SUPPORTED_PLATFORMS = macosx;
				SWIFT_VERSION = 5.0;
			};
			name = Debug;
		};
		A10000000000000000000084 /* Release */ = {
			isa = XCBuildConfiguration;
			baseConfigurationReference = A10000000000000000000014 /* SecureVault.xcconfig */;
				buildSettings = {
					CODE_SIGN_IDENTITY = "Apple Development";
					EXECUTABLE_NAME = "secure-vault";
					GENERATE_INFOPLIST_FILE = YES;
				INFOPLIST_KEY_CFBundleDisplayName = "secure-vault";
				INFOPLIST_KEY_LSApplicationCategoryType = "public.app-category.utilities";
				INFOPLIST_KEY_LSUIElement = YES;
				LD_RUNPATH_SEARCH_PATHS = (
					"$(inherited)",
					"@executable_path/../Frameworks",
				);
				PRODUCT_BUNDLE_IDENTIFIER = io.securevault;
				PRODUCT_NAME = SecureVault;
				SUPPORTED_PLATFORMS = macosx;
				SWIFT_VERSION = 5.0;
			};
			name = Release;
		};
/* End XCBuildConfiguration section */

/* Begin XCConfigurationList section */
		A10000000000000000000082 /* Build configuration list for PBXProject "secure-vault" */ = {
			isa = XCConfigurationList;
			buildConfigurations = (
				A10000000000000000000080 /* Debug */,
				A10000000000000000000081 /* Release */,
			);
			defaultConfigurationIsVisible = 0;
			defaultConfigurationName = Release;
		};
		A10000000000000000000085 /* Build configuration list for PBXNativeTarget "secure-vault" */ = {
			isa = XCConfigurationList;
			buildConfigurations = (
				A10000000000000000000083 /* Debug */,
				A10000000000000000000084 /* Release */,
			);
			defaultConfigurationIsVisible = 0;
			defaultConfigurationName = Release;
		};
/* End XCConfigurationList section */

/* Begin XCRemoteSwiftPackageReference section */
		A10000000000000000000070 /* XCRemoteSwiftPackageReference "swift-argument-parser" */ = {
			isa = XCRemoteSwiftPackageReference;
			repositoryURL = "https://github.com/apple/swift-argument-parser";
			requirement = {
				kind = upToNextMajorVersion;
				minimumVersion = 1.3.0;
			};
		};
/* End XCRemoteSwiftPackageReference section */

/* Begin XCSwiftPackageProductDependency section */
		A10000000000000000000071 /* ArgumentParser */ = {
			isa = XCSwiftPackageProductDependency;
			package = A10000000000000000000070 /* XCRemoteSwiftPackageReference "swift-argument-parser" */;
			productName = ArgumentParser;
		};
/* End XCSwiftPackageProductDependency section */
	};
	rootObject = A10000000000000000000001 /* Project object */;
}
